// !$*UTF8*$!
{
	archiveVersion = 1;
	classes = {
	};
	objectVersion = 46;
	objects = {

/* Begin PBXBuildFile section */
		5027489F1C85EF2A00C1AD92 /* AppDelegate.swift in Sources */ = {isa = PBXBuildFile; fileRef = 5027489E1C85EF2A00C1AD92 /* AppDelegate.swift */; };
		502748A11C85EF2A00C1AD92 /* ViewController.swift in Sources */ = {isa = PBXBuildFile; fileRef = 502748A01C85EF2A00C1AD92 /* ViewController.swift */; };
		502748A41C85EF2A00C1AD92 /* Main.storyboard in Resources */ = {isa = PBXBuildFile; fileRef = 502748A21C85EF2A00C1AD92 /* Main.storyboard */; };
		502748A61C85EF2A00C1AD92 /* Assets.xcassets in Resources */ = {isa = PBXBuildFile; fileRef = 502748A51C85EF2A00C1AD92 /* Assets.xcassets */; };
		502748A91C85EF2A00C1AD92 /* LaunchScreen.storyboard in Resources */ = {isa = PBXBuildFile; fileRef = 502748A71C85EF2A00C1AD92 /* LaunchScreen.storyboard */; };
/* End PBXBuildFile section */

/* Begin PBXFileReference section */
		5027489B1C85EF2A00C1AD92 /* Table View Demo.app */ = {isa = PBXFileReference; explicitFileType = wrapper.application; includeInIndex = 0; path = "Table View Demo.app"; sourceTree = BUILT_PRODUCTS_DIR; };
		5027489E1C85EF2A00C1AD92 /* AppDelegate.swift */ = {isa = PBXFileReference; lastKnownFileType = sourcecode.swift; path = AppDelegate.swift; sourceTree = "<group>"; };
		502748A01C85EF2A00C1AD92 /* ViewController.swift */ = {isa = PBXFileReference; lastKnownFileType = sourcecode.swift; path = ViewController.swift; sourceTree = "<group>"; };
		502748A31C85EF2A00C1AD92 /* Base */ = {isa = PBXFileReference; lastKnownFileType = file.storyboard; name = Base; path = Base.lproj/Main.storyboard; sourceTree = "<group>"; };
		502748A51C85EF2A00C1AD92 /* Assets.xcassets */ = {isa = PBXFileReference; lastKnownFileType = folder.assetcatalog; path = Assets.xcassets; sourceTree = "<group>"; };
		502748A81C85EF2A00C1AD92 /* Base */ = {isa = PBXFileReference; lastKnownFileType = file.storyboard; name = Base; path = Base.lproj/LaunchScreen.storyboard; sourceTree = "<group>"; };
		502748AA1C85EF2A00C1AD92 /* Info.plist */ = {isa = PBXFileReference; lastKnownFileType = text.plist.xml; path = Info.plist; sourceTree = "<group>"; };
/* End PBXFileReference section */

/* Begin PBXFrameworksBuildPhase section */
		502748981C85EF2A00C1AD92 /* Frameworks */ = {
			isa = PBXFrameworksBuildPhase;
			buildActionMask = 2147483647;
			files = (
			);
			runOnlyForDeploymentPostprocessing = 0;
		};
/* End PBXFrameworksBuildPhase section */

/* Begin PBXGroup section */
		502748921C85EF2A00C1AD92 = {
			isa = PBXGroup;
			children = (
				5027489D1C85EF2A00C1AD92 /* Table View Demo */,
				5027489C1C85EF2A00C1AD92 /* Products */,
			);
			sourceTree = "<group>";
		};
		5027489C1C85EF2A00C1AD92 /* Products */ = {
			isa = PBXGroup;
			children = (
				5027489B1C85EF2A00C1AD92 /* Table View Demo.app */,
			);
			name = Products;
			sourceTree = "<group>";
		};
		5027489D1C85EF2A00C1AD92 /* Table View Demo */ = {
			isa = PBXGroup;
			children = (
				5027489E1C85EF2A00C1AD92 /* AppDelegate.swift */,
				502748A01C85EF2A00C1AD92 /* ViewController.swift */,
				502748A21C85EF2A00C1AD92 /* Main.storyboard */,
				502748A51C85EF2A00C1AD92 /* Assets.xcassets */,
				502748A71C85EF2A00C1AD92 /* LaunchScreen.storyboard */,
				502748AA1C85EF2A00C1AD92 /* Info.plist */,
			);
			path = "Table View Demo";
			sourceTree = "<group>";
		};
/* End PBXGroup section */

/* Begin PBXNativeTarget section */
		5027489A1C85EF2A00C1AD92 /* Table View Demo */ = {
			isa = PBXNativeTarget;
			buildConfigurationList = 502748AD1C85EF2A00C1AD92 /* Build configuration list for PBXNativeTarget "Table View Demo" */;
			buildPhases = (
				502748971C85EF2A00C1AD92 /* Sources */,
				502748981C85EF2A00C1AD92 /* Frameworks */,
				502748991C85EF2A00C1AD92 /* Resources */,
			);
			buildRules = (
			);
			dependencies = (
			);
			name = "Table View Demo";
			productName = "Table View Demo";
			productReference = 5027489B1C85EF2A00C1AD92 /* Table View Demo.app */;
			productType = "com.apple.product-type.application";
		};
/* End PBXNativeTarget section */

/* Begin PBXProject section */
		502748931C85EF2A00C1AD92 /* Project object */ = {
			isa = PBXProject;
			attributes = {
				LastSwiftUpdateCheck = 0720;
				LastUpgradeCheck = 0720;
				ORGANIZATIONNAME = "Glenn Wiley";
				TargetAttributes = {
					5027489A1C85EF2A00C1AD92 = {
						CreatedOnToolsVersion = 7.2.1;
					};
				};
			};
			buildConfigurationList = 502748961C85EF2A00C1AD92 /* Build configuration list for PBXProject "Table View Demo" */;
			compatibilityVersion = "Xcode 3.2";
			developmentRegion = English;
			hasScannedForEncodings = 0;
			knownRegions = (
				en,
				Base,
			);
			mainGroup = 502748921C85EF2A00C1AD92;
			productRefGroup = 5027489C1C85EF2A00C1AD92 /* Products */;
			projectDirPath = "";
			projectRoot = "";
			targets = (
				5027489A1C85EF2A00C1AD92 /* Table View Demo */,
			);
		};
/* End PBXProject section */

/* Begin PBXResourcesBuildPhase section */
		502748991C85EF2A00C1AD92 /* Resources */ = {
			isa = PBXResourcesBuildPhase;
			buildActionMask = 2147483647;
			files = (
				502748A91C85EF2A00C1AD92 /* LaunchScreen.storyboard in Resources */,
				502748A61C85EF2A00C1AD92 /* Assets.xcassets in Resources */,
				502748A41C85EF2A00C1AD92 /* Main.storyboard in Resources */,
			);
			runOnlyForDeploymentPostprocessing = 0;
		};
/* End PBXResourcesBuildPhase section */

/* Begin PBXSourcesBuildPhase section */
		502748971C85EF2A00C1AD92 /* Sources */ = {
			isa = PBXSourcesBuildPhase;
			buildActionMask = 2147483647;
			files = (
				502748A11C85EF2A00C1AD92 /* ViewController.swift in Sources */,
				5027489F1C85EF2A00C1AD92 /* AppDelegate.swift in Sources */,
			);
			runOnlyForDeploymentPostprocessing = 0;
		};
/* End PBXSourcesBuildPhase section */

/* Begin PBXVariantGroup section */
		502748A21C85EF2A00C1AD92 /* Main.storyboard */ = {
			isa = PBXVariantGroup;
			children = (
				502748A31C85EF2A00C1AD92 /* Base */,
			);
			name = Main.storyboard;
			sourceTree = "<group>";
		};
		502748A71C85EF2A00C1AD92 /* LaunchScreen.storyboard */ = {
			isa = PBXVariantGroup;
			children = (
				502748A81C85EF2A00C1AD92 /* Base */,
			);
			name = LaunchScreen.storyboard;
			sourceTree = "<group>";
		};
/* End PBXVariantGroup section */

/* Begin XCBuildConfiguration section */
		502748AB1C85EF2A00C1AD92 /* Debug */ = {
			isa = XCBuildConfiguration;
			buildSettings = {
				ALWAYS_SEARCH_USER_PATHS = NO;
				CLANG_CXX_LANGUAGE_STANDARD = "gnu++0x";
				CLANG_CXX_LIBRARY = "libc++";
				CLANG_ENABLE_MODULES = YES;
				CLANG_ENABLE_OBJC_ARC = YES;
				CLANG_WARN_BOOL_CONVERSION = YES;
				CLANG_WARN_CONSTANT_CONVERSION = YES;
				CLANG_WARN_DIRECT_OBJC_ISA_USAGE = YES_ERROR;
				CLANG_WARN_EMPTY_BODY = YES;
				CLANG_WARN_ENUM_CONVERSION = YES;
				CLANG_WARN_INT_CONVERSION = YES;
				CLANG_WARN_OBJC_ROOT_CLASS = YES_ERROR;
				CLANG_WARN_UNREACHABLE_CODE = YES;
				CLANG_WARN__DUPLICATE_METHOD_MATCH = YES;
				"CODE_SIGN_IDENTITY[sdk=iphoneos*]" = "iPhone Developer";
				COPY_PHASE_STRIP = NO;
				DEBUG_INFORMATION_FORMAT = dwarf;
				ENABLE_STRICT_OBJC_MSGSEND = YES;
				ENABLE_TESTABILITY = YES;
				GCC_C_LANGUAGE_STANDARD = gnu99;
				GCC_DYNAMIC_NO_PIC = NO;
				GCC_NO_COMMON_BLOCKS = YES;
				GCC_OPTIMIZATION_LEVEL = 0;
				GCC_PREPROCESSOR_DEFINITIONS = (
					"DEBUG=1",
					"$(inherited)",
				);
				GCC_WARN_64_TO_32_BIT_CONVERSION = YES;
				GCC_WARN_ABOUT_RETURN_TYPE = YES_ERROR;
				GCC_WARN_UNDECLARED_SELECTOR = YES;
				GCC_WARN_UNINITIALIZED_AUTOS = YES_AGGRESSIVE;
				GCC_WARN_UNUSED_FUNCTION = YES;
				GCC_WARN_UNUSED_VARIABLE = YES;
				IPHONEOS_DEPLOYMENT_TARGET = 9.2;
				MTL_ENABLE_DEBUG_INFO = YES;
				ONLY_ACTIVE_ARCH = YES;
				SDKROOT = iphoneos;
				SWIFT_OPTIMIZATION_LEVEL = "-Onone";
			};
			name = Debug;
		};
		502748AC1C85EF2A00C1AD92 /* Release */ = {
			isa = XCBuildConfiguration;
			buildSettings = {
				ALWAYS_SEARCH_USER_PATHS = NO;
				CLANG_CXX_LANGUAGE_STANDARD = "gnu++0x";
				CLANG_CXX_LIBRARY = "libc++";
				CLANG_ENABLE_MODULES = YES;
				CLANG_ENABLE_OBJC_ARC = YES;
				CLANG_WARN_BOOL_CONVERSION = YES;
				CLANG_WARN_CONSTANT_CONVERSION = YES;
				CLANG_WARN_DIRECT_OBJC_ISA_USAGE = YES_ERROR;
				CLANG_WARN_EMPTY_BODY = YES;
				CLANG_WARN_ENUM_CONVERSION = YES;
				CLANG_WARN_INT_CONVERSION = YES;
				CLANG_WARN_OBJC_ROOT_CLASS = YES_ERROR;
				CLANG_WARN_UNREACHABLE_CODE = YES;
				CLANG_WARN__DUPLICATE_METHOD_MATCH = YES;
				"CODE_SIGN_IDENTITY[sdk=iphoneos*]" = "iPhone Developer";
				COPY_PHASE_STRIP = NO;
				DEBUG_INFORMATION_FORMAT = "dwarf-with-dsym";
				ENABLE_NS_ASSERTIONS = NO;
				ENABLE_STRICT_OBJC_MSGSEND = YES;
				GCC_C_LANGUAGE_STANDARD = gnu99;
				GCC_NO_COMMON_BLOCKS = YES;
				GCC_WARN_64_TO_32_BIT_CONVERSION = YES;
				GCC_WARN_ABOUT_RETURN_TYPE = YES_ERROR;
				GCC_WARN_UNDECLARED_SELECTOR = YES;
				GCC_WARN_UNINITIALIZED_AUTOS = YES_AGGRESSIVE;
				GCC_WARN_UNUSED_FUNCTION = YES;
				GCC_WARN_UNUSED_VARIABLE = YES;
				IPHONEOS_DEPLOYMENT_TARGET = 9.2;
				MTL_ENABLE_DEBUG_INFO = NO;
				SDKROOT = iphoneos;
				VALIDATE_PRODUCT = YES;
			};
			name = Release;
		};
		502748AE1C85EF2A00C1AD92 /* Debug */ = {
			isa = XCBuildConfiguration;
			buildSettings = {
				ASSETCATALOG_COMPILER_APPICON_NAME = AppIcon;
				INFOPLIST_FILE = "Table View Demo/Info.plist";
				LD_RUNPATH_SEARCH_PATHS = "$(inherited) @executable_path/Frameworks";
				PRODUCT_BUNDLE_IDENTIFIER = "com.smacco.Table-View-Demo";
				PRODUCT_NAME = "$(TARGET_NAME)";
			};
			name = Debug;
		};
		502748AF1C85EF2A00C1AD92 /* Release */ = {
			isa = XCBuildConfiguration;
			buildSettings = {
				ASSETCATALOG_COMPILER_APPICON_NAME = AppIcon;
				INFOPLIST_FILE = "Table View Demo/Info.plist";
				LD_RUNPATH_SEARCH_PATHS = "$(inherited) @executable_path/Frameworks";
				PRODUCT_BUNDLE_IDENTIFIER = "com.smacco.Table-View-Demo";
				PRODUCT_NAME = "$(TARGET_NAME)";
			};
			name = Release;
		};
/* End XCBuildConfiguration section */

/* Begin XCConfigurationList section */
		502748961C85EF2A00C1AD92 /* Build configuration list for PBXProject "Table View Demo" */ = {
			isa = XCConfigurationList;
			buildConfigurations = (
				502748AB1C85EF2A00C1AD92 /* Debug */,
				502748AC1C85EF2A00C1AD92 /* Release */,
			);
			defaultConfigurationIsVisible = 0;
			defaultConfigurationName = Release;
		};
		502748AD1C85EF2A00C1AD92 /* Build configuration list for PBXNativeTarget "Table View Demo" */ = {
			isa = XCConfigurationList;
			buildConfigurations = (
				502748AE1C85EF2A00C1AD92 /* Debug */,
				502748AF1C85EF2A00C1AD92 /* Release */,
			);
			defaultConfigurationIsVisible = 0;
		};
/* End XCConfigurationList section */
	};
	rootObject = 502748931C85EF2A00C1AD92 /* Project object */;
}
