// !$*UTF8*$!
{
	archiveVersion = 1;
	classes = {
	};
	objectVersion = 46;
	objects = {

/* Begin PBXBuildFile section */
		502748811C85E54300C1AD92 /* AppDelegate.swift in Sources */ = {isa = PBXBuildFile; fileRef = 502748801C85E54300C1AD92 /* AppDelegate.swift */; };
		502748831C85E54300C1AD92 /* ViewController.swift in Sources */ = {isa = PBXBuildFile; fileRef = 502748821C85E54300C1AD92 /* ViewController.swift */; };
		502748861C85E54300C1AD92 /* Main.storyboard in Resources */ = {isa = PBXBuildFile; fileRef = 502748841C85E54300C1AD92 /* Main.storyboard */; };
		502748881C85E54300C1AD92 /* Assets.xcassets in Resources */ = {isa = PBXBuildFile; fileRef = 502748871C85E54300C1AD92 /* Assets.xcassets */; };
		5027488B1C85E54300C1AD92 /* LaunchScreen.storyboard in Resources */ = {isa = PBXBuildFile; fileRef = 502748891C85E54300C1AD92 /* LaunchScreen.storyboard */; };
/* End PBXBuildFile section */

/* Begin PBXFileReference section */
		5027487D1C85E54300C1AD92 /* Actions and Outlets Demo.app */ = {isa = PBXFileReference; explicitFileType = wrapper.application; includeInIndex = 0; path = "Actions and Outlets Demo.app"; sourceTree = BUILT_PRODUCTS_DIR; };
		502748801C85E54300C1AD92 /* AppDelegate.swift */ = {isa = PBXFileReference; lastKnownFileType = sourcecode.swift; path = AppDelegate.swift; sourceTree = "<group>"; };
		502748821C85E54300C1AD92 /* ViewController.swift */ = {isa = PBXFileReference; lastKnownFileType = sourcecode.swift; path = ViewController.swift; sourceTree = "<group>"; };
		502748851C85E54300C1AD92 /* Base */ = {isa = PBXFileReference; lastKnownFileType = file.storyboard; name = Base; path = Base.lproj/Main.storyboard; sourceTree = "<group>"; };
		502748871C85E54300C1AD92 /* Assets.xcassets */ = {isa = PBXFileReference; lastKnownFileType = folder.assetcatalog; path = Assets.xcassets; sourceTree = "<group>"; };
		5027488A1C85E54300C1AD92 /* Base */ = {isa = PBXFileReference; lastKnownFileType = file.storyboard; name = Base; path = Base.lproj/LaunchScreen.storyboard; sourceTree = "<group>"; };
		5027488C1C85E54300C1AD92 /* Info.plist */ = {isa = PBXFileReference; lastKnownFileType = text.plist.xml; path = Info.plist; sourceTree = "<group>"; };
/* End PBXFileReference section */

/* Begin PBXFrameworksBuildPhase section */
		5027487A1C85E54300C1AD92 /* Frameworks */ = {
			isa = PBXFrameworksBuildPhase;
			buildActionMask = 2147483647;
			files = (
			);
			runOnlyForDeploymentPostprocessing = 0;
		};
/* End PBXFrameworksBuildPhase section */

/* Begin PBXGroup section */
		502748741C85E54300C1AD92 = {
			isa = PBXGroup;
			children = (
				5027487F1C85E54300C1AD92 /* Actions and Outlets Demo */,
				5027487E1C85E54300C1AD92 /* Products */,
			);
			sourceTree = "<group>";
		};
		5027487E1C85E54300C1AD92 /* Products */ = {
			isa = PBXGroup;
			children = (
				5027487D1C85E54300C1AD92 /* Actions and Outlets Demo.app */,
			);
			name = Products;
			sourceTree = "<group>";
		};
		5027487F1C85E54300C1AD92 /* Actions and Outlets Demo */ = {
			isa = PBXGroup;
			children = (
				502748801C85E54300C1AD92 /* AppDelegate.swift */,
				502748821C85E54300C1AD92 /* ViewController.swift */,
				502748841C85E54300C1AD92 /* Main.storyboard */,
				502748871C85E54300C1AD92 /* Assets.xcassets */,
				502748891C85E54300C1AD92 /* LaunchScreen.storyboard */,
				5027488C1C85E54300C1AD92 /* Info.plist */,
			);
			path = "Actions and Outlets Demo";
			sourceTree = "<group>";
		};
/* End PBXGroup section */

/* Begin PBXNativeTarget section */
		5027487C1C85E54300C1AD92 /* Actions and Outlets Demo */ = {
			isa = PBXNativeTarget;
			buildConfigurationList = 5027488F1C85E54300C1AD92 /* Build configuration list for PBXNativeTarget "Actions and Outlets Demo" */;
			buildPhases = (
				502748791C85E54300C1AD92 /* Sources */,
				5027487A1C85E54300C1AD92 /* Frameworks */,
				5027487B1C85E54300C1AD92 /* Resources */,
			);
			buildRules = (
			);
			dependencies = (
			);
			name = "Actions and Outlets Demo";
			productName = "Actions and Outlets Demo";
			productReference = 5027487D1C85E54300C1AD92 /* Actions and Outlets Demo.app */;
			productType = "com.apple.product-type.application";
		};
/* End PBXNativeTarget section */

/* Begin PBXProject section */
		502748751C85E54300C1AD92 /* Project object */ = {
			isa = PBXProject;
			attributes = {
				LastSwiftUpdateCheck = 0720;
				LastUpgradeCheck = 0720;
				ORGANIZATIONNAME = "Glenn Wiley";
				TargetAttributes = {
					5027487C1C85E54300C1AD92 = {
						CreatedOnToolsVersion = 7.2.1;
					};
				};
			};
			buildConfigurationList = 502748781C85E54300C1AD92 /* Build configuration list for PBXProject "Actions and Outlets Demo" */;
			compatibilityVersion = "Xcode 3.2";
			developmentRegion = English;
			hasScannedForEncodings = 0;
			knownRegions = (
				en,
				Base,
			);
			mainGroup = 502748741C85E54300C1AD92;
			productRefGroup = 5027487E1C85E54300C1AD92 /* Products */;
			projectDirPath = "";
			projectRoot = "";
			targets = (
				5027487C1C85E54300C1AD92 /* Actions and Outlets Demo */,
			);
		};
/* End PBXProject section */

/* Begin PBXResourcesBuildPhase section */
		5027487B1C85E54300C1AD92 /* Resources */ = {
			isa = PBXResourcesBuildPhase;
			buildActionMask = 2147483647;
			files = (
				5027488B1C85E54300C1AD92 /* LaunchScreen.storyboard in Resources */,
				502748881C85E54300C1AD92 /* Assets.xcassets in Resources */,
				502748861C85E54300C1AD92 /* Main.storyboard in Resources */,
			);
			runOnlyForDeploymentPostprocessing = 0;
		};
/* End PBXResourcesBuildPhase section */

/* Begin PBXSourcesBuildPhase section */
		502748791C85E54300C1AD92 /* Sources */ = {
			isa = PBXSourcesBuildPhase;
			buildActionMask = 2147483647;
			files = (
				502748831C85E54300C1AD92 /* ViewController.swift in Sources */,
				502748811C85E54300C1AD92 /* AppDelegate.swift in Sources */,
			);
			runOnlyForDeploymentPostprocessing = 0;
		};
/* End PBXSourcesBuildPhase section */

/* Begin PBXVariantGroup section */
		502748841C85E54300C1AD92 /* Main.storyboard */ = {
			isa = PBXVariantGroup;
			children = (
				502748851C85E54300C1AD92 /* Base */,
			);
			name = Main.storyboard;
			sourceTree = "<group>";
		};
		502748891C85E54300C1AD92 /* LaunchScreen.storyboard */ = {
			isa = PBXVariantGroup;
			children = (
				5027488A1C85E54300C1AD92 /* Base */,
			);
			name = LaunchScreen.storyboard;
			sourceTree = "<group>";
		};
/* End PBXVariantGroup section */

/* Begin XCBuildConfiguration section */
		5027488D1C85E54300C1AD92 /* Debug */ = {
			isa = XCBuildConfiguration;
			buildSettings = {
				ALWAYS_SEARCH_USER_PATHS = NO;
				CLANG_CXX_LANGUAGE_STANDARD = "gnu++0x";
				CLANG_CXX_LIBRARY = "libc++";
				CLANG_ENABLE_MODULES = YES;
				CLANG_ENABLE_OBJC_ARC = YES;
				CLANG_WARN_BOOL_CONVERSION = YES;
				CLANG_WARN_CONSTANT_CONVERSION = YES;
				CLANG_WARN_DIRECT_OBJC_ISA_USAGE = YES_ERROR;
				CLANG_WARN_EMPTY_BODY = YES;
				CLANG_WARN_ENUM_CONVERSION = YES;
				CLANG_WARN_INT_CONVERSION = YES;
				CLANG_WARN_OBJC_ROOT_CLASS = YES_ERROR;
				CLANG_WARN_UNREACHABLE_CODE = YES;
				CLANG_WARN__DUPLICATE_METHOD_MATCH = YES;
				"CODE_SIGN_IDENTITY[sdk=iphoneos*]" = "iPhone Developer";
				COPY_PHASE_STRIP = NO;
				DEBUG_INFORMATION_FORMAT = dwarf;
				ENABLE_STRICT_OBJC_MSGSEND = YES;
				ENABLE_TESTABILITY = YES;
				GCC_C_LANGUAGE_STANDARD = gnu99;
				GCC_DYNAMIC_NO_PIC = NO;
				GCC_NO_COMMON_BLOCKS = YES;
				GCC_OPTIMIZATION_LEVEL = 0;
				GCC_PREPROCESSOR_DEFINITIONS = (
					"DEBUG=1",
					"$(inherited)",
				);
				GCC_WARN_64_TO_32_BIT_CONVERSION = YES;
				GCC_WARN_ABOUT_RETURN_TYPE = YES_ERROR;
				GCC_WARN_UNDECLARED_SELECTOR = YES;
				GCC_WARN_UNINITIALIZED_AUTOS = YES_AGGRESSIVE;
				GCC_WARN_UNUSED_FUNCTION = YES;
				GCC_WARN_UNUSED_VARIABLE = YES;
				IPHONEOS_DEPLOYMENT_TARGET = 9.2;
				MTL_ENABLE_DEBUG_INFO = YES;
				ONLY_ACTIVE_ARCH = YES;
				SDKROOT = iphoneos;
				SWIFT_OPTIMIZATION_LEVEL = "-Onone";
			};
			name = Debug;
		};
		5027488E1C85E54300C1AD92 /* Release */ = {
			isa = XCBuildConfiguration;
			buildSettings = {
				ALWAYS_SEARCH_USER_PATHS = NO;
				CLANG_CXX_LANGUAGE_STANDARD = "gnu++0x";
				CLANG_CXX_LIBRARY = "libc++";
				CLANG_ENABLE_MODULES = YES;
				CLANG_ENABLE_OBJC_ARC = YES;
				CLANG_WARN_BOOL_CONVERSION = YES;
				CLANG_WARN_CONSTANT_CONVERSION = YES;
				CLANG_WARN_DIRECT_OBJC_ISA_USAGE = YES_ERROR;
				CLANG_WARN_EMPTY_BODY = YES;
				CLANG_WARN_ENUM_CONVERSION = YES;
				CLANG_WARN_INT_CONVERSION = YES;
				CLANG_WARN_OBJC_ROOT_CLASS = YES_ERROR;
				CLANG_WARN_UNREACHABLE_CODE = YES;
				CLANG_WARN__DUPLICATE_METHOD_MATCH = YES;
				"CODE_SIGN_IDENTITY[sdk=iphoneos*]" = "iPhone Developer";
				COPY_PHASE_STRIP = NO;
				DEBUG_INFORMATION_FORMAT = "dwarf-with-dsym";
				ENABLE_NS_ASSERTIONS = NO;
				ENABLE_STRICT_OBJC_MSGSEND = YES;
				GCC_C_LANGUAGE_STANDARD = gnu99;
				GCC_NO_COMMON_BLOCKS = YES;
				GCC_WARN_64_TO_32_BIT_CONVERSION = YES;
				GCC_WARN_ABOUT_RETURN_TYPE = YES_ERROR;
				GCC_WARN_UNDECLARED_SELECTOR = YES;
				GCC_WARN_UNINITIALIZED_AUTOS = YES_AGGRESSIVE;
				GCC_WARN_UNUSED_FUNCTION = YES;
				GCC_WARN_UNUSED_VARIABLE = YES;
				IPHONEOS_DEPLOYMENT_TARGET = 9.2;
				MTL_ENABLE_DEBUG_INFO = NO;
				SDKROOT = iphoneos;
				VALIDATE_PRODUCT = YES;
			};
			name = Release;
		};
		502748901C85E54300C1AD92 /* Debug */ = {
			isa = XCBuildConfiguration;
			buildSettings = {
				ASSETCATALOG_COMPILER_APPICON_NAME = AppIcon;
				INFOPLIST_FILE = "Actions and Outlets Demo/Info.plist";
				LD_RUNPATH_SEARCH_PATHS = "$(inherited) @executable_path/Frameworks";
				PRODUCT_BUNDLE_IDENTIFIER = "com.smacco.Actions-and-Outlets-Demo";
				PRODUCT_NAME = "$(TARGET_NAME)";
			};
			name = Debug;
		};
		502748911C85E54300C1AD92 /* Release */ = {
			isa = XCBuildConfiguration;
			buildSettings = {
				ASSETCATALOG_COMPILER_APPICON_NAME = AppIcon;
				INFOPLIST_FILE = "Actions and Outlets Demo/Info.plist";
				LD_RUNPATH_SEARCH_PATHS = "$(inherited) @executable_path/Frameworks";
				PRODUCT_BUNDLE_IDENTIFIER = "com.smacco.Actions-and-Outlets-Demo";
				PRODUCT_NAME = "$(TARGET_NAME)";
			};
			name = Release;
		};
/* End XCBuildConfiguration section */

/* Begin XCConfigurationList section */
		502748781C85E54300C1AD92 /* Build configuration list for PBXProject "Actions and Outlets Demo" */ = {
			isa = XCConfigurationList;
			buildConfigurations = (
				5027488D1C85E54300C1AD92 /* Debug */,
				5027488E1C85E54300C1AD92 /* Release */,
			);
			defaultConfigurationIsVisible = 0;
			defaultConfigurationName = Release;
		};
		5027488F1C85E54300C1AD92 /* Build configuration list for PBXNativeTarget "Actions and Outlets Demo" */ = {
			isa = XCConfigurationList;
			buildConfigurations = (
				502748901C85E54300C1AD92 /* Debug */,
				502748911C85E54300C1AD92 /* Release */,
			);
			defaultConfigurationIsVisible = 0;
		};
/* End XCConfigurationList section */
	};
	rootObject = 502748751C85E54300C1AD92 /* Project object */;
}
